{
  "requires": true,
  "lockfileVersion": 1,
  "dependencies": {
    "react-side-effect": {
      "version": "2.1.0",
      "resolved": "https://registry.npmjs.org/react-side-effect/-/react-side-effect-2.1.0.tgz",
      "integrity": "sha512-IgmcegOSi5SNX+2Snh1vqmF0Vg/CbkycU9XZbOHJlZ6kMzTmi3yc254oB1WCkgA7OQtIAoLmcSFuHTc/tlcqXg=="
    }
  }
}
